
Microsoft Visual Studio Solution File, Format Version 12.00
# Visual Studio Version 17
VisualStudioVersion = 17.10.35013.160
MinimumVisualStudioVersion = 10.0.40219.1
Project("{FAE04EC0-301F-11D3-BF4B-00C04F79EFBC}") = "Lab-1", "Lab-1.csproj", "{6F3BE376-5A6F-48BD-AC2D-919F68B47E2C}"
EndProject
Global
	GlobalSection(SolutionConfigurationPlatforms) = preSolution
		Debug|Any CPU = Debug|Any CPU
		Release|Any CPU = Release|Any CPU
	EndGlobalSection
	GlobalSection(ProjectConfigurationPlatforms) = postSolution
		{6F3BE376-5A6F-48BD-AC2D-919F68B47E2C}.Debug|Any CPU.ActiveCfg = Debug|Any CPU
		{6F3BE376-5A6F-48BD-AC2D-919F68B47E2C}.Debug|Any CPU.Build.0 = Debug|Any CPU
		{6F3BE376-5A6F-48BD-AC2D-919F68B47E2C}.Release|Any CPU.ActiveCfg = Release|Any CPU
		{6F3BE376-5A6F-48BD-AC2D-919F68B47E2C}.Release|Any CPU.Build.0 = Release|Any CPU
	EndGlobalSection
	GlobalSection(SolutionProperties) = preSolution
		HideSolutionNode = FALSE
	EndGlobalSection
	GlobalSection(ExtensibilityGlobals) = postSolution
		SolutionGuid = {DF67671C-B85C-420C-87C6-268641AEA710}
	EndGlobalSection
EndGlobal
